
Microsoft Visual Studio Solution File, Format Version 12.00
# Visual Studio Version 16
VisualStudioVersion = 16.0.31205.134
MinimumVisualStudioVersion = 10.0.40219.1
Project("{FAE04EC0-301F-11D3-BF4B-00C04F79EFBC}") = "A881457.Actividad03", "A881457.Actividad03.csproj", "{DBFAF8A5-3197-4236-A4FD-4D4620D1DC54}"
EndProject
Global
	GlobalSection(SolutionConfigurationPlatforms) = preSolution
		Debug|Any CPU = Debug|Any CPU
		Release|Any CPU = Release|Any CPU
	EndGlobalSection
	GlobalSection(ProjectConfigurationPlatforms) = postSolution
		{DBFAF8A5-3197-4236-A4FD-4D4620D1DC54}.Debug|Any CPU.ActiveCfg = Debug|Any CPU
		{DBFAF8A5-3197-4236-A4FD-4D4620D1DC54}.Debug|Any CPU.Build.0 = Debug|Any CPU
		{DBFAF8A5-3197-4236-A4FD-4D4620D1DC54}.Release|Any CPU.ActiveCfg = Release|Any CPU
		{DBFAF8A5-3197-4236-A4FD-4D4620D1DC54}.Release|Any CPU.Build.0 = Release|Any CPU
	EndGlobalSection
	GlobalSection(SolutionProperties) = preSolution
		HideSolutionNode = FALSE
	EndGlobalSection
	GlobalSection(ExtensibilityGlobals) = postSolution
		SolutionGuid = {9C3FB0B3-5E86-4642-9FC8-17E445A61AD7}
	EndGlobalSection
EndGlobal
